// !$*UTF8*$!
{
	archiveVersion = 1;
	classes = {
	};
	objectVersion = 56;
	objects = {

/* Begin PBXBuildFile section */
		1BD4B7D52CF03A060034D811 /* Overload_ProgressivelyApp.swift in Sources */ = {isa = PBXBuildFile; fileRef = 1BD4B7D42CF03A060034D811 /* Overload_ProgressivelyApp.swift */; };
		1BD4B7D72CF03A060034D811 /* ContentView.swift in Sources */ = {isa = PBXBuildFile; fileRef = 1BD4B7D62CF03A060034D811 /* ContentView.swift */; };
		1BD4B7D92CF03A080034D811 /* Assets.xcassets in Resources */ = {isa = PBXBuildFile; fileRef = 1BD4B7D82CF03A080034D811 /* Assets.xcassets */; };
		1BD4B7DC2CF03A080034D811 /* Preview Assets.xcassets in Resources */ = {isa = PBXBuildFile; fileRef = 1BD4B7DB2CF03A080034D811 /* Preview Assets.xcassets */; };
		1BD4B7E62CF03A080034D811 /* Overload_ProgressivelyTests.swift in Sources */ = {isa = PBXBuildFile; fileRef = 1BD4B7E52CF03A080034D811 /* Overload_ProgressivelyTests.swift */; };
		1BD4B7F02CF03A080034D811 /* Overload_ProgressivelyUITests.swift in Sources */ = {isa = PBXBuildFile; fileRef = 1BD4B7EF2CF03A080034D811 /* Overload_ProgressivelyUITests.swift */; };
		1BD4B7F22CF03A080034D811 /* Overload_ProgressivelyUITestsLaunchTests.swift in Sources */ = {isa = PBXBuildFile; fileRef = 1BD4B7F12CF03A080034D811 /* Overload_ProgressivelyUITestsLaunchTests.swift */; };
		1BD4B7FF2CF03BDF0034D811 /* WorkoutViewModel.swift in Sources */ = {isa = PBXBuildFile; fileRef = 1BD4B7FE2CF03BDF0034D811 /* WorkoutViewModel.swift */; };
		1BD4B8012CF03C2D0034D811 /* Workout.swift in Sources */ = {isa = PBXBuildFile; fileRef = 1BD4B8002CF03C2D0034D811 /* Workout.swift */; };
		1BD4B8032CF03CBA0034D811 /* ProgressView.swift in Sources */ = {isa = PBXBuildFile; fileRef = 1BD4B8022CF03CBA0034D811 /* ProgressView.swift */; };
/* End PBXBuildFile section */

/* Begin PBXContainerItemProxy section */
		1BD4B7E22CF03A080034D811 /* PBXContainerItemProxy */ = {
			isa = PBXContainerItemProxy;
			containerPortal = 1BD4B7C92CF03A060034D811 /* Project object */;
			proxyType = 1;
			remoteGlobalIDString = 1BD4B7D02CF03A060034D811;
			remoteInfo = "Overload Progressively";
		};
		1BD4B7EC2CF03A080034D811 /* PBXContainerItemProxy */ = {
			isa = PBXContainerItemProxy;
			containerPortal = 1BD4B7C92CF03A060034D811 /* Project object */;
			proxyType = 1;
			remoteGlobalIDString = 1BD4B7D02CF03A060034D811;
			remoteInfo = "Overload Progressively";
		};
/* End PBXContainerItemProxy section */

/* Begin PBXFileReference section */
		1BD4B7D12CF03A060034D811 /* Overload Progressively.app */ = {isa = PBXFileReference; explicitFileType = wrapper.application; includeInIndex = 0; path = "Overload Progressively.app"; sourceTree = BUILT_PRODUCTS_DIR; };
		1BD4B7D42CF03A060034D811 /* Overload_ProgressivelyApp.swift */ = {isa = PBXFileReference; lastKnownFileType = sourcecode.swift; path = Overload_ProgressivelyApp.swift; sourceTree = "<group>"; };
		1BD4B7D62CF03A060034D811 /* ContentView.swift */ = {isa = PBXFileReference; lastKnownFileType = sourcecode.swift; path = ContentView.swift; sourceTree = "<group>"; };
		1BD4B7D82CF03A080034D811 /* Assets.xcassets */ = {isa = PBXFileReference; lastKnownFileType = folder.assetcatalog; path = Assets.xcassets; sourceTree = "<group>"; };
		1BD4B7DB2CF03A080034D811 /* Preview Assets.xcassets */ = {isa = PBXFileReference; lastKnownFileType = folder.assetcatalog; path = "Preview Assets.xcassets"; sourceTree = "<group>"; };
		1BD4B7E12CF03A080034D811 /* Overload ProgressivelyTests.xctest */ = {isa = PBXFileReference; explicitFileType = wrapper.cfbundle; includeInIndex = 0; path = "Overload ProgressivelyTests.xctest"; sourceTree = BUILT_PRODUCTS_DIR; };
		1BD4B7E52CF03A080034D811 /* Overload_ProgressivelyTests.swift */ = {isa = PBXFileReference; lastKnownFileType = sourcecode.swift; path = Overload_ProgressivelyTests.swift; sourceTree = "<group>"; };
		1BD4B7EB2CF03A080034D811 /* Overload ProgressivelyUITests.xctest */ = {isa = PBXFileReference; explicitFileType = wrapper.cfbundle; includeInIndex = 0; path = "Overload ProgressivelyUITests.xctest"; sourceTree = BUILT_PRODUCTS_DIR; };
		1BD4B7EF2CF03A080034D811 /* Overload_ProgressivelyUITests.swift */ = {isa = PBXFileReference; lastKnownFileType = sourcecode.swift; path = Overload_ProgressivelyUITests.swift; sourceTree = "<group>"; };
		1BD4B7F12CF03A080034D811 /* Overload_ProgressivelyUITestsLaunchTests.swift */ = {isa = PBXFileReference; lastKnownFileType = sourcecode.swift; path = Overload_ProgressivelyUITestsLaunchTests.swift; sourceTree = "<group>"; };
		1BD4B7FE2CF03BDF0034D811 /* WorkoutViewModel.swift */ = {isa = PBXFileReference; lastKnownFileType = sourcecode.swift; path = WorkoutViewModel.swift; sourceTree = "<group>"; };
		1BD4B8002CF03C2D0034D811 /* Workout.swift */ = {isa = PBXFileReference; lastKnownFileType = sourcecode.swift; path = Workout.swift; sourceTree = "<group>"; };
		1BD4B8022CF03CBA0034D811 /* ProgressView.swift */ = {isa = PBXFileReference; lastKnownFileType = sourcecode.swift; path = ProgressView.swift; sourceTree = "<group>"; };
/* End PBXFileReference section */

/* Begin PBXFrameworksBuildPhase section */
		1BD4B7CE2CF03A060034D811 /* Frameworks */ = {
			isa = PBXFrameworksBuildPhase;
			buildActionMask = 2147483647;
			files = (
			);
			runOnlyForDeploymentPostprocessing = 0;
		};
		1BD4B7DE2CF03A080034D811 /* Frameworks */ = {
			isa = PBXFrameworksBuildPhase;
			buildActionMask = 2147483647;
			files = (
			);
			runOnlyForDeploymentPostprocessing = 0;
		};
		1BD4B7E82CF03A080034D811 /* Frameworks */ = {
			isa = PBXFrameworksBuildPhase;
			buildActionMask = 2147483647;
			files = (
			);
			runOnlyForDeploymentPostprocessing = 0;
		};
/* End PBXFrameworksBuildPhase section */

/* Begin PBXGroup section */
		1BD4B7C82CF03A060034D811 = {
			isa = PBXGroup;
			children = (
				1BD4B8022CF03CBA0034D811 /* ProgressView.swift */,
				1BD4B8002CF03C2D0034D811 /* Workout.swift */,
				1BD4B7FE2CF03BDF0034D811 /* WorkoutViewModel.swift */,
				1BD4B7D32CF03A060034D811 /* Overload Progressively */,
				1BD4B7E42CF03A080034D811 /* Overload ProgressivelyTests */,
				1BD4B7EE2CF03A080034D811 /* Overload ProgressivelyUITests */,
				1BD4B7D22CF03A060034D811 /* Products */,
			);
			sourceTree = "<group>";
		};
		1BD4B7D22CF03A060034D811 /* Products */ = {
			isa = PBXGroup;
			children = (
				1BD4B7D12CF03A060034D811 /* Overload Progressively.app */,
				1BD4B7E12CF03A080034D811 /* Overload ProgressivelyTests.xctest */,
				1BD4B7EB2CF03A080034D811 /* Overload ProgressivelyUITests.xctest */,
			);
			name = Products;
			sourceTree = "<group>";
		};
		1BD4B7D32CF03A060034D811 /* Overload Progressively */ = {
			isa = PBXGroup;
			children = (
				1BD4B7D42CF03A060034D811 /* Overload_ProgressivelyApp.swift */,
				1BD4B7D62CF03A060034D811 /* ContentView.swift */,
				1BD4B7D82CF03A080034D811 /* Assets.xcassets */,
				1BD4B7DA2CF03A080034D811 /* Preview Content */,
			);
			path = "Overload Progressively";
			sourceTree = "<group>";
		};
		1BD4B7DA2CF03A080034D811 /* Preview Content */ = {
			isa = PBXGroup;
			children = (
				1BD4B7DB2CF03A080034D811 /* Preview Assets.xcassets */,
			);
			path = "Preview Content";
			sourceTree = "<group>";
		};
		1BD4B7E42CF03A080034D811 /* Overload ProgressivelyTests */ = {
			isa = PBXGroup;
			children = (
				1BD4B7E52CF03A080034D811 /* Overload_ProgressivelyTests.swift */,
			);
			path = "Overload ProgressivelyTests";
			sourceTree = "<group>";
		};
		1BD4B7EE2CF03A080034D811 /* Overload ProgressivelyUITests */ = {
			isa = PBXGroup;
			children = (
				1BD4B7EF2CF03A080034D811 /* Overload_ProgressivelyUITests.swift */,
				1BD4B7F12CF03A080034D811 /* Overload_ProgressivelyUITestsLaunchTests.swift */,
			);
			path = "Overload ProgressivelyUITests";
			sourceTree = "<group>";
		};
/* End PBXGroup section */

/* Begin PBXNativeTarget section */
		1BD4B7D02CF03A060034D811 /* Overload Progressively */ = {
			isa = PBXNativeTarget;
			buildConfigurationList = 1BD4B7F52CF03A080034D811 /* Build configuration list for PBXNativeTarget "Overload Progressively" */;
			buildPhases = (
				1BD4B7CD2CF03A060034D811 /* Sources */,
				1BD4B7CE2CF03A060034D811 /* Frameworks */,
				1BD4B7CF2CF03A060034D811 /* Resources */,
			);
			buildRules = (
			);
			dependencies = (
			);
			name = "Overload Progressively";
			productName = "Overload Progressively";
			productReference = 1BD4B7D12CF03A060034D811 /* Overload Progressively.app */;
			productType = "com.apple.product-type.application";
		};
		1BD4B7E02CF03A080034D811 /* Overload ProgressivelyTests */ = {
			isa = PBXNativeTarget;
			buildConfigurationList = 1BD4B7F82CF03A080034D811 /* Build configuration list for PBXNativeTarget "Overload ProgressivelyTests" */;
			buildPhases = (
				1BD4B7DD2CF03A080034D811 /* Sources */,
				1BD4B7DE2CF03A080034D811 /* Frameworks */,
				1BD4B7DF2CF03A080034D811 /* Resources */,
			);
			buildRules = (
			);
			dependencies = (
				1BD4B7E32CF03A080034D811 /* PBXTargetDependency */,
			);
			name = "Overload ProgressivelyTests";
			productName = "Overload ProgressivelyTests";
			productReference = 1BD4B7E12CF03A080034D811 /* Overload ProgressivelyTests.xctest */;
			productType = "com.apple.product-type.bundle.unit-test";
		};
		1BD4B7EA2CF03A080034D811 /* Overload ProgressivelyUITests */ = {
			isa = PBXNativeTarget;
			buildConfigurationList = 1BD4B7FB2CF03A080034D811 /* Build configuration list for PBXNativeTarget "Overload ProgressivelyUITests" */;
			buildPhases = (
				1BD4B7E72CF03A080034D811 /* Sources */,
				1BD4B7E82CF03A080034D811 /* Frameworks */,
				1BD4B7E92CF03A080034D811 /* Resources */,
			);
			buildRules = (
			);
			dependencies = (
				1BD4B7ED2CF03A080034D811 /* PBXTargetDependency */,
			);
			name = "Overload ProgressivelyUITests";
			productName = "Overload ProgressivelyUITests";
			productReference = 1BD4B7EB2CF03A080034D811 /* Overload ProgressivelyUITests.xctest */;
			productType = "com.apple.product-type.bundle.ui-testing";
		};
/* End PBXNativeTarget section */

/* Begin PBXProject section */
		1BD4B7C92CF03A060034D811 /* Project object */ = {
			isa = PBXProject;
			attributes = {
				BuildIndependentTargetsInParallel = 1;
				LastSwiftUpdateCheck = 1540;
				LastUpgradeCheck = 1540;
				TargetAttributes = {
					1BD4B7D02CF03A060034D811 = {
						CreatedOnToolsVersion = 15.4;
					};
					1BD4B7E02CF03A080034D811 = {
						CreatedOnToolsVersion = 15.4;
						TestTargetID = 1BD4B7D02CF03A060034D811;
					};
					1BD4B7EA2CF03A080034D811 = {
						CreatedOnToolsVersion = 15.4;
						TestTargetID = 1BD4B7D02CF03A060034D811;
					};
				};
			};
			buildConfigurationList = 1BD4B7CC2CF03A060034D811 /* Build configuration list for PBXProject "Overload Progressively" */;
			compatibilityVersion = "Xcode 14.0";
			developmentRegion = en;
			hasScannedForEncodings = 0;
			knownRegions = (
				en,
				Base,
			);
			mainGroup = 1BD4B7C82CF03A060034D811;
			productRefGroup = 1BD4B7D22CF03A060034D811 /* Products */;
			projectDirPath = "";
			projectRoot = "";
			targets = (
				1BD4B7D02CF03A060034D811 /* Overload Progressively */,
				1BD4B7E02CF03A080034D811 /* Overload ProgressivelyTests */,
				1BD4B7EA2CF03A080034D811 /* Overload ProgressivelyUITests */,
			);
		};
/* End PBXProject section */

/* Begin PBXResourcesBuildPhase section */
		1BD4B7CF2CF03A060034D811 /* Resources */ = {
			isa = PBXResourcesBuildPhase;
			buildActionMask = 2147483647;
			files = (
				1BD4B7DC2CF03A080034D811 /* Preview Assets.xcassets in Resources */,
				1BD4B7D92CF03A080034D811 /* Assets.xcassets in Resources */,
			);
			runOnlyForDeploymentPostprocessing = 0;
		};
		1BD4B7DF2CF03A080034D811 /* Resources */ = {
			isa = PBXResourcesBuildPhase;
			buildActionMask = 2147483647;
			files = (
			);
			runOnlyForDeploymentPostprocessing = 0;
		};
		1BD4B7E92CF03A080034D811 /* Resources */ = {
			isa = PBXResourcesBuildPhase;
			buildActionMask = 2147483647;
			files = (
			);
			runOnlyForDeploymentPostprocessing = 0;
		};
/* End PBXResourcesBuildPhase section */

/* Begin PBXSourcesBuildPhase section */
		1BD4B7CD2CF03A060034D811 /* Sources */ = {
			isa = PBXSourcesBuildPhase;
			buildActionMask = 2147483647;
			files = (
				1BD4B7D72CF03A060034D811 /* ContentView.swift in Sources */,
				1BD4B7FF2CF03BDF0034D811 /* WorkoutViewModel.swift in Sources */,
				1BD4B8032CF03CBA0034D811 /* ProgressView.swift in Sources */,
				1BD4B7D52CF03A060034D811 /* Overload_ProgressivelyApp.swift in Sources */,
				1BD4B8012CF03C2D0034D811 /* Workout.swift in Sources */,
			);
			runOnlyForDeploymentPostprocessing = 0;
		};
		1BD4B7DD2CF03A080034D811 /* Sources */ = {
			isa = PBXSourcesBuildPhase;
			buildActionMask = 2147483647;
			files = (
				1BD4B7E62CF03A080034D811 /* Overload_ProgressivelyTests.swift in Sources */,
			);
			runOnlyForDeploymentPostprocessing = 0;
		};
		1BD4B7E72CF03A080034D811 /* Sources */ = {
			isa = PBXSourcesBuildPhase;
			buildActionMask = 2147483647;
			files = (
				1BD4B7F02CF03A080034D811 /* Overload_ProgressivelyUITests.swift in Sources */,
				1BD4B7F22CF03A080034D811 /* Overload_ProgressivelyUITestsLaunchTests.swift in Sources */,
			);
			runOnlyForDeploymentPostprocessing = 0;
		};
/* End PBXSourcesBuildPhase section */

/* Begin PBXTargetDependency section */
		1BD4B7E32CF03A080034D811 /* PBXTargetDependency */ = {
			isa = PBXTargetDependency;
			target = 1BD4B7D02CF03A060034D811 /* Overload Progressively */;
			targetProxy = 1BD4B7E22CF03A080034D811 /* PBXContainerItemProxy */;
		};
		1BD4B7ED2CF03A080034D811 /* PBXTargetDependency */ = {
			isa = PBXTargetDependency;
			target = 1BD4B7D02CF03A060034D811 /* Overload Progressively */;
			targetProxy = 1BD4B7EC2CF03A080034D811 /* PBXContainerItemProxy */;
		};
/* End PBXTargetDependency section */

/* Begin XCBuildConfiguration section */
		1BD4B7F32CF03A080034D811 /* Debug */ = {
			isa = XCBuildConfiguration;
			buildSettings = {
				ALWAYS_SEARCH_USER_PATHS = NO;
				ASSETCATALOG_COMPILER_GENERATE_SWIFT_ASSET_SYMBOL_EXTENSIONS = YES;
				CLANG_ANALYZER_NONNULL = YES;
				CLANG_ANALYZER_NUMBER_OBJECT_CONVERSION = YES_AGGRESSIVE;
				CLANG_CXX_LANGUAGE_STANDARD = "gnu++20";
				CLANG_ENABLE_MODULES = YES;
				CLANG_ENABLE_OBJC_ARC = YES;
				CLANG_ENABLE_OBJC_WEAK = YES;
				CLANG_WARN_BLOCK_CAPTURE_AUTORELEASING = YES;
				CLANG_WARN_BOOL_CONVERSION = YES;
				CLANG_WARN_COMMA = YES;
				CLANG_WARN_CONSTANT_CONVERSION = YES;
				CLANG_WARN_DEPRECATED_OBJC_IMPLEMENTATIONS = YES;
				CLANG_WARN_DIRECT_OBJC_ISA_USAGE = YES_ERROR;
				CLANG_WARN_DOCUMENTATION_COMMENTS = YES;
				CLANG_WARN_EMPTY_BODY = YES;
				CLANG_WARN_ENUM_CONVERSION = YES;
				CLANG_WARN_INFINITE_RECURSION = YES;
				CLANG_WARN_INT_CONVERSION = YES;
				CLANG_WARN_NON_LITERAL_NULL_CONVERSION = YES;
				CLANG_WARN_OBJC_IMPLICIT_RETAIN_SELF = YES;
				CLANG_WARN_OBJC_LITERAL_CONVERSION = YES;
				CLANG_WARN_OBJC_ROOT_CLASS = YES_ERROR;
				CLANG_WARN_QUOTED_INCLUDE_IN_FRAMEWORK_HEADER = YES;
				CLANG_WARN_RANGE_LOOP_ANALYSIS = YES;
				CLANG_WARN_STRICT_PROTOTYPES = YES;
				CLANG_WARN_SUSPICIOUS_MOVE = YES;
				CLANG_WARN_UNGUARDED_AVAILABILITY = YES_AGGRESSIVE;
				CLANG_WARN_UNREACHABLE_CODE = YES;
				CLANG_WARN__DUPLICATE_METHOD_MATCH = YES;
				COPY_PHASE_STRIP = NO;
				DEBUG_INFORMATION_FORMAT = dwarf;
				ENABLE_STRICT_OBJC_MSGSEND = YES;
				ENABLE_TESTABILITY = YES;
				ENABLE_USER_SCRIPT_SANDBOXING = YES;
				GCC_C_LANGUAGE_STANDARD = gnu17;
				GCC_DYNAMIC_NO_PIC = NO;
				GCC_NO_COMMON_BLOCKS = YES;
				GCC_OPTIMIZATION_LEVEL = 0;
				GCC_PREPROCESSOR_DEFINITIONS = (
					"DEBUG=1",
					"$(inherited)",
				);
				GCC_WARN_64_TO_32_BIT_CONVERSION = YES;
				GCC_WARN_ABOUT_RETURN_TYPE = YES_ERROR;
				GCC_WARN_UNDECLARED_SELECTOR = YES;
				GCC_WARN_UNINITIALIZED_AUTOS = YES_AGGRESSIVE;
				GCC_WARN_UNUSED_FUNCTION = YES;
				GCC_WARN_UNUSED_VARIABLE = YES;
				IPHONEOS_DEPLOYMENT_TARGET = 17.5;
				LOCALIZATION_PREFERS_STRING_CATALOGS = YES;
				MTL_ENABLE_DEBUG_INFO = INCLUDE_SOURCE;
				MTL_FAST_MATH = YES;
				ONLY_ACTIVE_ARCH = YES;
				SDKROOT = iphoneos;
				SWIFT_ACTIVE_COMPILATION_CONDITIONS = "DEBUG $(inherited)";
				SWIFT_OPTIMIZATION_LEVEL = "-Onone";
			};
			name = Debug;
		};
		1BD4B7F42CF03A080034D811 /* Release */ = {
			isa = XCBuildConfiguration;
			buildSettings = {
				ALWAYS_SEARCH_USER_PATHS = NO;
				ASSETCATALOG_COMPILER_GENERATE_SWIFT_ASSET_SYMBOL_EXTENSIONS = YES;
				CLANG_ANALYZER_NONNULL = YES;
				CLANG_ANALYZER_NUMBER_OBJECT_CONVERSION = YES_AGGRESSIVE;
				CLANG_CXX_LANGUAGE_STANDARD = "gnu++20";
				CLANG_ENABLE_MODULES = YES;
				CLANG_ENABLE_OBJC_ARC = YES;
				CLANG_ENABLE_OBJC_WEAK = YES;
				CLANG_WARN_BLOCK_CAPTURE_AUTORELEASING = YES;
				CLANG_WARN_BOOL_CONVERSION = YES;
				CLANG_WARN_COMMA = YES;
				CLANG_WARN_CONSTANT_CONVERSION = YES;
				CLANG_WARN_DEPRECATED_OBJC_IMPLEMENTATIONS = YES;
				CLANG_WARN_DIRECT_OBJC_ISA_USAGE = YES_ERROR;
				CLANG_WARN_DOCUMENTATION_COMMENTS = YES;
				CLANG_WARN_EMPTY_BODY = YES;
				CLANG_WARN_ENUM_CONVERSION = YES;
				CLANG_WARN_INFINITE_RECURSION = YES;
				CLANG_WARN_INT_CONVERSION = YES;
				CLANG_WARN_NON_LITERAL_NULL_CONVERSION = YES;
				CLANG_WARN_OBJC_IMPLICIT_RETAIN_SELF = YES;
				CLANG_WARN_OBJC_LITERAL_CONVERSION = YES;
				CLANG_WARN_OBJC_ROOT_CLASS = YES_ERROR;
				CLANG_WARN_QUOTED_INCLUDE_IN_FRAMEWORK_HEADER = YES;
				CLANG_WARN_RANGE_LOOP_ANALYSIS = YES;
				CLANG_WARN_STRICT_PROTOTYPES = YES;
				CLANG_WARN_SUSPICIOUS_MOVE = YES;
				CLANG_WARN_UNGUARDED_AVAILABILITY = YES_AGGRESSIVE;
				CLANG_WARN_UNREACHABLE_CODE = YES;
				CLANG_WARN__DUPLICATE_METHOD_MATCH = YES;
				COPY_PHASE_STRIP = NO;
				DEBUG_INFORMATION_FORMAT = "dwarf-with-dsym";
				ENABLE_NS_ASSERTIONS = NO;
				ENABLE_STRICT_OBJC_MSGSEND = YES;
				ENABLE_USER_SCRIPT_SANDBOXING = YES;
				GCC_C_LANGUAGE_STANDARD = gnu17;
				GCC_NO_COMMON_BLOCKS = YES;
				GCC_WARN_64_TO_32_BIT_CONVERSION = YES;
				GCC_WARN_ABOUT_RETURN_TYPE = YES_ERROR;
				GCC_WARN_UNDECLARED_SELECTOR = YES;
				GCC_WARN_UNINITIALIZED_AUTOS = YES_AGGRESSIVE;
				GCC_WARN_UNUSED_FUNCTION = YES;
				GCC_WARN_UNUSED_VARIABLE = YES;
				IPHONEOS_DEPLOYMENT_TARGET = 17.5;
				LOCALIZATION_PREFERS_STRING_CATALOGS = YES;
				MTL_ENABLE_DEBUG_INFO = NO;
				MTL_FAST_MATH = YES;
				SDKROOT = iphoneos;
				SWIFT_COMPILATION_MODE = wholemodule;
				VALIDATE_PRODUCT = YES;
			};
			name = Release;
		};
		1BD4B7F62CF03A080034D811 /* Debug */ = {
			isa = XCBuildConfiguration;
			buildSettings = {
				ASSETCATALOG_COMPILER_APPICON_NAME = AppIcon;
				ASSETCATALOG_COMPILER_GLOBAL_ACCENT_COLOR_NAME = AccentColor;
				CODE_SIGN_STYLE = Automatic;
				CURRENT_PROJECT_VERSION = 1;
				DEVELOPMENT_ASSET_PATHS = "\"Overload Progressively/Preview Content\"";
				ENABLE_PREVIEWS = YES;
				GENERATE_INFOPLIST_FILE = YES;
				INFOPLIST_KEY_UIApplicationSceneManifest_Generation = YES;
				INFOPLIST_KEY_UIApplicationSupportsIndirectInputEvents = YES;
				INFOPLIST_KEY_UILaunchScreen_Generation = YES;
				INFOPLIST_KEY_UISupportedInterfaceOrientations_iPad = "UIInterfaceOrientationPortrait UIInterfaceOrientationPortraitUpsideDown UIInterfaceOrientationLandscapeLeft UIInterfaceOrientationLandscapeRight";
				INFOPLIST_KEY_UISupportedInterfaceOrientations_iPhone = "UIInterfaceOrientationPortrait UIInterfaceOrientationLandscapeLeft UIInterfaceOrientationLandscapeRight";
				LD_RUNPATH_SEARCH_PATHS = (
					"$(inherited)",
					"@executable_path/Frameworks",
				);
				MARKETING_VERSION = 1.0;
				PRODUCT_BUNDLE_IDENTIFIER = "name.emmanuelalonge.Overload-Progressively";
				PRODUCT_NAME = "$(TARGET_NAME)";
				SWIFT_EMIT_LOC_STRINGS = YES;
				SWIFT_VERSION = 5.0;
				TARGETED_DEVICE_FAMILY = "1,2";
			};
			name = Debug;
		};
		1BD4B7F72CF03A080034D811 /* Release */ = {
			isa = XCBuildConfiguration;
			buildSettings = {
				ASSETCATALOG_COMPILER_APPICON_NAME = AppIcon;
				ASSETCATALOG_COMPILER_GLOBAL_ACCENT_COLOR_NAME = AccentColor;
				CODE_SIGN_STYLE = Automatic;
				CURRENT_PROJECT_VERSION = 1;
				DEVELOPMENT_ASSET_PATHS = "\"Overload Progressively/Preview Content\"";
				ENABLE_PREVIEWS = YES;
				GENERATE_INFOPLIST_FILE = YES;
				INFOPLIST_KEY_UIApplicationSceneManifest_Generation = YES;
				INFOPLIST_KEY_UIApplicationSupportsIndirectInputEvents = YES;
				INFOPLIST_KEY_UILaunchScreen_Generation = YES;
				INFOPLIST_KEY_UISupportedInterfaceOrientations_iPad = "UIInterfaceOrientationPortrait UIInterfaceOrientationPortraitUpsideDown UIInterfaceOrientationLandscapeLeft UIInterfaceOrientationLandscapeRight";
				INFOPLIST_KEY_UISupportedInterfaceOrientations_iPhone = "UIInterfaceOrientationPortrait UIInterfaceOrientationLandscapeLeft UIInterfaceOrientationLandscapeRight";
				LD_RUNPATH_SEARCH_PATHS = (
					"$(inherited)",
					"@executable_path/Frameworks",
				);
				MARKETING_VERSION = 1.0;
				PRODUCT_BUNDLE_IDENTIFIER = "name.emmanuelalonge.Overload-Progressively";
				PRODUCT_NAME = "$(TARGET_NAME)";
				SWIFT_EMIT_LOC_STRINGS = YES;
				SWIFT_VERSION = 5.0;
				TARGETED_DEVICE_FAMILY = "1,2";
			};
			name = Release;
		};
		1BD4B7F92CF03A080034D811 /* Debug */ = {
			isa = XCBuildConfiguration;
			buildSettings = {
				ALWAYS_EMBED_SWIFT_STANDARD_LIBRARIES = YES;
				BUNDLE_LOADER = "$(TEST_HOST)";
				CODE_SIGN_STYLE = Automatic;
				CURRENT_PROJECT_VERSION = 1;
				GENERATE_INFOPLIST_FILE = YES;
				IPHONEOS_DEPLOYMENT_TARGET = 17.5;
				MARKETING_VERSION = 1.0;
				PRODUCT_BUNDLE_IDENTIFIER = "name.emmanuelalonge.Overload-ProgressivelyTests";
				PRODUCT_NAME = "$(TARGET_NAME)";
				SWIFT_EMIT_LOC_STRINGS = NO;
				SWIFT_VERSION = 5.0;
				TARGETED_DEVICE_FAMILY = "1,2";
				TEST_HOST = "$(BUILT_PRODUCTS_DIR)/Overload Progressively.app/$(BUNDLE_EXECUTABLE_FOLDER_PATH)/Overload Progressively";
			};
			name = Debug;
		};
		1BD4B7FA2CF03A080034D811 /* Release */ = {
			isa = XCBuildConfiguration;
			buildSettings = {
				ALWAYS_EMBED_SWIFT_STANDARD_LIBRARIES = YES;
				BUNDLE_LOADER = "$(TEST_HOST)";
				CODE_SIGN_STYLE = Automatic;
				CURRENT_PROJECT_VERSION = 1;
				GENERATE_INFOPLIST_FILE = YES;
				IPHONEOS_DEPLOYMENT_TARGET = 17.5;
				MARKETING_VERSION = 1.0;
				PRODUCT_BUNDLE_IDENTIFIER = "name.emmanuelalonge.Overload-ProgressivelyTests";
				PRODUCT_NAME = "$(TARGET_NAME)";
				SWIFT_EMIT_LOC_STRINGS = NO;
				SWIFT_VERSION = 5.0;
				TARGETED_DEVICE_FAMILY = "1,2";
				TEST_HOST = "$(BUILT_PRODUCTS_DIR)/Overload Progressively.app/$(BUNDLE_EXECUTABLE_FOLDER_PATH)/Overload Progressively";
			};
			name = Release;
		};
		1BD4B7FC2CF03A080034D811 /* Debug */ = {
			isa = XCBuildConfiguration;
			buildSettings = {
				ALWAYS_EMBED_SWIFT_STANDARD_LIBRARIES = YES;
				CODE_SIGN_STYLE = Automatic;
				CURRENT_PROJECT_VERSION = 1;
				GENERATE_INFOPLIST_FILE = YES;
				MARKETING_VERSION = 1.0;
				PRODUCT_BUNDLE_IDENTIFIER = "name.emmanuelalonge.Overload-ProgressivelyUITests";
				PRODUCT_NAME = "$(TARGET_NAME)";
				SWIFT_EMIT_LOC_STRINGS = NO;
				SWIFT_VERSION = 5.0;
				TARGETED_DEVICE_FAMILY = "1,2";
				TEST_TARGET_NAME = "Overload Progressively";
			};
			name = Debug;
		};
		1BD4B7FD2CF03A080034D811 /* Release */ = {
			isa = XCBuildConfiguration;
			buildSettings = {
				ALWAYS_EMBED_SWIFT_STANDARD_LIBRARIES = YES;
				CODE_SIGN_STYLE = Automatic;
				CURRENT_PROJECT_VERSION = 1;
				GENERATE_INFOPLIST_FILE = YES;
				MARKETING_VERSION = 1.0;
				PRODUCT_BUNDLE_IDENTIFIER = "name.emmanuelalonge.Overload-ProgressivelyUITests";
				PRODUCT_NAME = "$(TARGET_NAME)";
				SWIFT_EMIT_LOC_STRINGS = NO;
				SWIFT_VERSION = 5.0;
				TARGETED_DEVICE_FAMILY = "1,2";
				TEST_TARGET_NAME = "Overload Progressively";
			};
			name = Release;
		};
/* End XCBuildConfiguration section */

/* Begin XCConfigurationList section */
		1BD4B7CC2CF03A060034D811 /* Build configuration list for PBXProject "Overload Progressively" */ = {
			isa = XCConfigurationList;
			buildConfigurations = (
				1BD4B7F32CF03A080034D811 /* Debug */,
				1BD4B7F42CF03A080034D811 /* Release */,
			);
			defaultConfigurationIsVisible = 0;
			defaultConfigurationName = Release;
		};
		1BD4B7F52CF03A080034D811 /* Build configuration list for PBXNativeTarget "Overload Progressively" */ = {
			isa = XCConfigurationList;
			buildConfigurations = (
				1BD4B7F62CF03A080034D811 /* Debug */,
				1BD4B7F72CF03A080034D811 /* Release */,
			);
			defaultConfigurationIsVisible = 0;
			defaultConfigurationName = Release;
		};
		1BD4B7F82CF03A080034D811 /* Build configuration list for PBXNativeTarget "Overload ProgressivelyTests" */ = {
			isa = XCConfigurationList;
			buildConfigurations = (
				1BD4B7F92CF03A080034D811 /* Debug */,
				1BD4B7FA2CF03A080034D811 /* Release */,
			);
			defaultConfigurationIsVisible = 0;
			defaultConfigurationName = Release;
		};
		1BD4B7FB2CF03A080034D811 /* Build configuration list for PBXNativeTarget "Overload ProgressivelyUITests" */ = {
			isa = XCConfigurationList;
			buildConfigurations = (
				1BD4B7FC2CF03A080034D811 /* Debug */,
				1BD4B7FD2CF03A080034D811 /* Release */,
			);
			defaultConfigurationIsVisible = 0;
			defaultConfigurationName = Release;
		};
/* End XCConfigurationList section */
	};
	rootObject = 1BD4B7C92CF03A060034D811 /* Project object */;
}
